
Microsoft Visual Studio Solution File, Format Version 12.00
# Visual Studio 15
VisualStudioVersion = 15.0.28010.2050
MinimumVisualStudioVersion = 10.0.40219.1
Project("{FAE04EC0-301F-11D3-BF4B-00C04F79EFBC}") = "ContosoUniversity", "ContosoUniversity\ContosoUniversity.csproj", "{F2C48464-89D5-4FB9-8465-59F49A2F0973}"
EndProject
Global
	GlobalSection(SolutionConfigurationPlatforms) = preSolution
		Debug|Any CPU = Debug|Any CPU
		Release|Any CPU = Release|Any CPU
	EndGlobalSection
	GlobalSection(ProjectConfigurationPlatforms) = postSolution
		{F2C48464-89D5-4FB9-8465-59F49A2F0973}.Debug|Any CPU.ActiveCfg = Debug|Any CPU
		{F2C48464-89D5-4FB9-8465-59F49A2F0973}.Debug|Any CPU.Build.0 = Debug|Any CPU
		{F2C48464-89D5-4FB9-8465-59F49A2F0973}.Release|Any CPU.ActiveCfg = Release|Any CPU
		{F2C48464-89D5-4FB9-8465-59F49A2F0973}.Release|Any CPU.Build.0 = Release|Any CPU
	EndGlobalSection
	GlobalSection(SolutionProperties) = preSolution
		HideSolutionNode = FALSE
	EndGlobalSection
	GlobalSection(ExtensibilityGlobals) = postSolution
		SolutionGuid = {8BCCA979-E232-4ECF-A2D4-912E2F7F39C9}
	EndGlobalSection
EndGlobal
